# This file is automatically @generated by Cargo.
# It is not intended for manual editing.
version = 4

[[package]]
name = "chew-cuda"
version = "0.1.0"

[[package]]
name = "chew-model-gemma4"
version = "0.1.0"
dependencies = [
 "chew-runtime",
]

[[package]]
name = "chew-model-llama"
version = "0.1.0"
dependencies = [
 "chew-runtime",
]

[[package]]
name = "chew-next"
version = "0.1.0"
dependencies = [
 "chew-cuda",
 "chew-model-gemma4",
 "chew-model-llama",
 "chew-runtime",
]

[[package]]
name = "chew-runtime"
version = "0.1.0"
dependencies = [
 "chew-cuda",
]
